// !$*UTF8*$!
{
	archiveVersion = 1;
	classes = {
	};
	objectVersion = 46;
	objects = {

/* Begin PBXBuildFile section */
		AC2FF9931CD9D95C00E3C3DF /* AppDelegate.swift in Sources */ = {isa = PBXBuildFile; fileRef = AC2FF9921CD9D95C00E3C3DF /* AppDelegate.swift */; };
		AC2FF9951CD9D95C00E3C3DF /* ViewController.swift in Sources */ = {isa = PBXBuildFile; fileRef = AC2FF9941CD9D95C00E3C3DF /* ViewController.swift */; };
		AC2FF9981CD9D95C00E3C3DF /* Main.storyboard in Resources */ = {isa = PBXBuildFile; fileRef = AC2FF9961CD9D95C00E3C3DF /* Main.storyboard */; };
		AC2FF99A1CD9D95C00E3C3DF /* Assets.xcassets in Resources */ = {isa = PBXBuildFile; fileRef = AC2FF9991CD9D95C00E3C3DF /* Assets.xcassets */; };
		AC2FF99D1CD9D95C00E3C3DF /* LaunchScreen.storyboard in Resources */ = {isa = PBXBuildFile; fileRef = AC2FF99B1CD9D95C00E3C3DF /* LaunchScreen.storyboard */; };
/* End PBXBuildFile section */

/* Begin PBXFileReference section */
		AC2FF98F1CD9D95C00E3C3DF /* Camille.app */ = {isa = PBXFileReference; explicitFileType = wrapper.application; includeInIndex = 0; path = Camille.app; sourceTree = BUILT_PRODUCTS_DIR; };
		AC2FF9921CD9D95C00E3C3DF /* AppDelegate.swift */ = {isa = PBXFileReference; lastKnownFileType = sourcecode.swift; path = AppDelegate.swift; sourceTree = "<group>"; };
		AC2FF9941CD9D95C00E3C3DF /* ViewController.swift */ = {isa = PBXFileReference; lastKnownFileType = sourcecode.swift; path = ViewController.swift; sourceTree = "<group>"; };
		AC2FF9971CD9D95C00E3C3DF /* Base */ = {isa = PBXFileReference; lastKnownFileType = file.storyboard; name = Base; path = Base.lproj/Main.storyboard; sourceTree = "<group>"; };
		AC2FF9991CD9D95C00E3C3DF /* Assets.xcassets */ = {isa = PBXFileReference; lastKnownFileType = folder.assetcatalog; path = Assets.xcassets; sourceTree = "<group>"; };
		AC2FF99C1CD9D95C00E3C3DF /* Base */ = {isa = PBXFileReference; lastKnownFileType = file.storyboard; name = Base; path = Base.lproj/LaunchScreen.storyboard; sourceTree = "<group>"; };
		AC2FF99E1CD9D95C00E3C3DF /* Info.plist */ = {isa = PBXFileReference; lastKnownFileType = text.plist.xml; path = Info.plist; sourceTree = "<group>"; };
/* End PBXFileReference section */

/* Begin PBXFrameworksBuildPhase section */
		AC2FF98C1CD9D95C00E3C3DF /* Frameworks */ = {
			isa = PBXFrameworksBuildPhase;
			buildActionMask = 2147483647;
			files = (
			);
			runOnlyForDeploymentPostprocessing = 0;
		};
/* End PBXFrameworksBuildPhase section */

/* Begin PBXGroup section */
		AC2FF9861CD9D95C00E3C3DF = {
			isa = PBXGroup;
			children = (
				AC2FF9911CD9D95C00E3C3DF /* Camille */,
				AC2FF9901CD9D95C00E3C3DF /* Products */,
			);
			sourceTree = "<group>";
		};
		AC2FF9901CD9D95C00E3C3DF /* Products */ = {
			isa = PBXGroup;
			children = (
				AC2FF98F1CD9D95C00E3C3DF /* Camille.app */,
			);
			name = Products;
			sourceTree = "<group>";
		};
		AC2FF9911CD9D95C00E3C3DF /* Camille */ = {
			isa = PBXGroup;
			children = (
				AC2FF9921CD9D95C00E3C3DF /* AppDelegate.swift */,
				AC2FF9941CD9D95C00E3C3DF /* ViewController.swift */,
				AC2FF9961CD9D95C00E3C3DF /* Main.storyboard */,
				AC2FF9991CD9D95C00E3C3DF /* Assets.xcassets */,
				AC2FF99B1CD9D95C00E3C3DF /* LaunchScreen.storyboard */,
				AC2FF99E1CD9D95C00E3C3DF /* Info.plist */,
			);
			path = Camille;
			sourceTree = "<group>";
		};
/* End PBXGroup section */

/* Begin PBXNativeTarget section */
		AC2FF98E1CD9D95C00E3C3DF /* Camille */ = {
			isa = PBXNativeTarget;
			buildConfigurationList = AC2FF9A11CD9D95C00E3C3DF /* Build configuration list for PBXNativeTarget "Camille" */;
			buildPhases = (
				AC2FF98B1CD9D95C00E3C3DF /* Sources */,
				AC2FF98C1CD9D95C00E3C3DF /* Frameworks */,
				AC2FF98D1CD9D95C00E3C3DF /* Resources */,
			);
			buildRules = (
			);
			dependencies = (
			);
			name = Camille;
			productName = Camille;
			productReference = AC2FF98F1CD9D95C00E3C3DF /* Camille.app */;
			productType = "com.apple.product-type.application";
		};
/* End PBXNativeTarget section */

/* Begin PBXProject section */
		AC2FF9871CD9D95C00E3C3DF /* Project object */ = {
			isa = PBXProject;
			attributes = {
				LastSwiftUpdateCheck = 0730;
				LastUpgradeCheck = 0730;
				ORGANIZATIONNAME = "Pierre De Pingon";
				TargetAttributes = {
					AC2FF98E1CD9D95C00E3C3DF = {
						CreatedOnToolsVersion = 7.3;
					};
				};
			};
			buildConfigurationList = AC2FF98A1CD9D95C00E3C3DF /* Build configuration list for PBXProject "Camille" */;
			compatibilityVersion = "Xcode 3.2";
			developmentRegion = English;
			hasScannedForEncodings = 0;
			knownRegions = (
				en,
				Base,
			);
			mainGroup = AC2FF9861CD9D95C00E3C3DF;
			productRefGroup = AC2FF9901CD9D95C00E3C3DF /* Products */;
			projectDirPath = "";
			projectRoot = "";
			targets = (
				AC2FF98E1CD9D95C00E3C3DF /* Camille */,
			);
		};
/* End PBXProject section */

/* Begin PBXResourcesBuildPhase section */
		AC2FF98D1CD9D95C00E3C3DF /* Resources */ = {
			isa = PBXResourcesBuildPhase;
			buildActionMask = 2147483647;
			files = (
				AC2FF99D1CD9D95C00E3C3DF /* LaunchScreen.storyboard in Resources */,
				AC2FF99A1CD9D95C00E3C3DF /* Assets.xcassets in Resources */,
				AC2FF9981CD9D95C00E3C3DF /* Main.storyboard in Resources */,
			);
			runOnlyForDeploymentPostprocessing = 0;
		};
/* End PBXResourcesBuildPhase section */

/* Begin PBXSourcesBuildPhase section */
		AC2FF98B1CD9D95C00E3C3DF /* Sources */ = {
			isa = PBXSourcesBuildPhase;
			buildActionMask = 2147483647;
			files = (
				AC2FF9951CD9D95C00E3C3DF /* ViewController.swift in Sources */,
				AC2FF9931CD9D95C00E3C3DF /* AppDelegate.swift in Sources */,
			);
			runOnlyForDeploymentPostprocessing = 0;
		};
/* End PBXSourcesBuildPhase section */

/* Begin PBXVariantGroup section */
		AC2FF9961CD9D95C00E3C3DF /* Main.storyboard */ = {
			isa = PBXVariantGroup;
			children = (
				AC2FF9971CD9D95C00E3C3DF /* Base */,
			);
			name = Main.storyboard;
			sourceTree = "<group>";
		};
		AC2FF99B1CD9D95C00E3C3DF /* LaunchScreen.storyboard */ = {
			isa = PBXVariantGroup;
			children = (
				AC2FF99C1CD9D95C00E3C3DF /* Base */,
			);
			name = LaunchScreen.storyboard;
			sourceTree = "<group>";
		};
/* End PBXVariantGroup section */

/* Begin XCBuildConfiguration section */
		AC2FF99F1CD9D95C00E3C3DF /* Debug */ = {
			isa = XCBuildConfiguration;
			buildSettings = {
				ALWAYS_SEARCH_USER_PATHS = NO;
				CLANG_ANALYZER_NONNULL = YES;
				CLANG_CXX_LANGUAGE_STANDARD = "gnu++0x";
				CLANG_CXX_LIBRARY = "libc++";
				CLANG_ENABLE_MODULES = YES;
				CLANG_ENABLE_OBJC_ARC = YES;
				CLANG_WARN_BOOL_CONVERSION = YES;
				CLANG_WARN_CONSTANT_CONVERSION = YES;
				CLANG_WARN_DIRECT_OBJC_ISA_USAGE = YES_ERROR;
				CLANG_WARN_EMPTY_BODY = YES;
				CLANG_WARN_ENUM_CONVERSION = YES;
				CLANG_WARN_INT_CONVERSION = YES;
				CLANG_WARN_OBJC_ROOT_CLASS = YES_ERROR;
				CLANG_WARN_UNREACHABLE_CODE = YES;
				CLANG_WARN__DUPLICATE_METHOD_MATCH = YES;
				"CODE_SIGN_IDENTITY[sdk=iphoneos*]" = "iPhone Developer";
				COPY_PHASE_STRIP = NO;
				DEBUG_INFORMATION_FORMAT = dwarf;
				ENABLE_STRICT_OBJC_MSGSEND = YES;
				ENABLE_TESTABILITY = YES;
				GCC_C_LANGUAGE_STANDARD = gnu99;
				GCC_DYNAMIC_NO_PIC = NO;
				GCC_NO_COMMON_BLOCKS = YES;
				GCC_OPTIMIZATION_LEVEL = 0;
				GCC_PREPROCESSOR_DEFINITIONS = (
					"DEBUG=1",
					"$(inherited)",
				);
				GCC_WARN_64_TO_32_BIT_CONVERSION = YES;
				GCC_WARN_ABOUT_RETURN_TYPE = YES_ERROR;
				GCC_WARN_UNDECLARED_SELECTOR = YES;
				GCC_WARN_UNINITIALIZED_AUTOS = YES_AGGRESSIVE;
				GCC_WARN_UNUSED_FUNCTION = YES;
				GCC_WARN_UNUSED_VARIABLE = YES;
				IPHONEOS_DEPLOYMENT_TARGET = 9.3;
				MTL_ENABLE_DEBUG_INFO = YES;
				ONLY_ACTIVE_ARCH = YES;
				SDKROOT = iphoneos;
				SWIFT_OPTIMIZATION_LEVEL = "-Onone";
			};
			name = Debug;
		};
		AC2FF9A01CD9D95C00E3C3DF /* Release */ = {
			isa = XCBuildConfiguration;
			buildSettings = {
				ALWAYS_SEARCH_USER_PATHS = NO;
				CLANG_ANALYZER_NONNULL = YES;
				CLANG_CXX_LANGUAGE_STANDARD = "gnu++0x";
				CLANG_CXX_LIBRARY = "libc++";
				CLANG_ENABLE_MODULES = YES;
				CLANG_ENABLE_OBJC_ARC = YES;
				CLANG_WARN_BOOL_CONVERSION = YES;
				CLANG_WARN_CONSTANT_CONVERSION = YES;
				CLANG_WARN_DIRECT_OBJC_ISA_USAGE = YES_ERROR;
				CLANG_WARN_EMPTY_BODY = YES;
				CLANG_WARN_ENUM_CONVERSION = YES;
				CLANG_WARN_INT_CONVERSION = YES;
				CLANG_WARN_OBJC_ROOT_CLASS = YES_ERROR;
				CLANG_WARN_UNREACHABLE_CODE = YES;
				CLANG_WARN__DUPLICATE_METHOD_MATCH = YES;
				"CODE_SIGN_IDENTITY[sdk=iphoneos*]" = "iPhone Developer";
				COPY_PHASE_STRIP = NO;
				DEBUG_INFORMATION_FORMAT = "dwarf-with-dsym";
				ENABLE_NS_ASSERTIONS = NO;
				ENABLE_STRICT_OBJC_MSGSEND = YES;
				GCC_C_LANGUAGE_STANDARD = gnu99;
				GCC_NO_COMMON_BLOCKS = YES;
				GCC_WARN_64_TO_32_BIT_CONVERSION = YES;
				GCC_WARN_ABOUT_RETURN_TYPE = YES_ERROR;
				GCC_WARN_UNDECLARED_SELECTOR = YES;
				GCC_WARN_UNINITIALIZED_AUTOS = YES_AGGRESSIVE;
				GCC_WARN_UNUSED_FUNCTION = YES;
				GCC_WARN_UNUSED_VARIABLE = YES;
				IPHONEOS_DEPLOYMENT_TARGET = 9.3;
				MTL_ENABLE_DEBUG_INFO = NO;
				SDKROOT = iphoneos;
				VALIDATE_PRODUCT = YES;
			};
			name = Release;
		};
		AC2FF9A21CD9D95C00E3C3DF /* Debug */ = {
			isa = XCBuildConfiguration;
			buildSettings = {
				ASSETCATALOG_COMPILER_APPICON_NAME = AppIcon;
				INFOPLIST_FILE = Camille/Info.plist;
				LD_RUNPATH_SEARCH_PATHS = "$(inherited) @executable_path/Frameworks";
				PRODUCT_BUNDLE_IDENTIFIER = "com.Citizen-ACTS-.Camille";
				PRODUCT_NAME = "$(TARGET_NAME)";
			};
			name = Debug;
		};
		AC2FF9A31CD9D95C00E3C3DF /* Release */ = {
			isa = XCBuildConfiguration;
			buildSettings = {
				ASSETCATALOG_COMPILER_APPICON_NAME = AppIcon;
				INFOPLIST_FILE = Camille/Info.plist;
				LD_RUNPATH_SEARCH_PATHS = "$(inherited) @executable_path/Frameworks";
				PRODUCT_BUNDLE_IDENTIFIER = "com.Citizen-ACTS-.Camille";
				PRODUCT_NAME = "$(TARGET_NAME)";
			};
			name = Release;
		};
/* End XCBuildConfiguration section */

/* Begin XCConfigurationList section */
		AC2FF98A1CD9D95C00E3C3DF /* Build configuration list for PBXProject "Camille" */ = {
			isa = XCConfigurationList;
			buildConfigurations = (
				AC2FF99F1CD9D95C00E3C3DF /* Debug */,
				AC2FF9A01CD9D95C00E3C3DF /* Release */,
			);
			defaultConfigurationIsVisible = 0;
			defaultConfigurationName = Release;
		};
		AC2FF9A11CD9D95C00E3C3DF /* Build configuration list for PBXNativeTarget "Camille" */ = {
			isa = XCConfigurationList;
			buildConfigurations = (
				AC2FF9A21CD9D95C00E3C3DF /* Debug */,
				AC2FF9A31CD9D95C00E3C3DF /* Release */,
			);
			defaultConfigurationIsVisible = 0;
		};
/* End XCConfigurationList section */
	};
	rootObject = AC2FF9871CD9D95C00E3C3DF /* Project object */;
}
